<?xml version="1.0" encoding="utf-8"?>
<Project ToolsVersion="4.0" xmlns="http://schemas.microsoft.com/developer/msbuild/2003">
  <ItemGroup>
    <Filter Include="Source Files">
      <UniqueIdentifier>{4FC737F1-C7A5-4376-A066-2A32D752A2FF}</UniqueIdentifier>
      <Extensions>cpp;c;cc;cxx;def;odl;idl;hpj;bat;asm;asmx</Extensions>
    </Filter>
    <Filter Include="Header Files">
      <UniqueIdentifier>{93995380-89BD-4b04-88EB-625FBE52EBFB}</UniqueIdentifier>
      <Extensions>h;hh;hpp;hxx;hm;inl;inc;xsd</Extensions>
    </Filter>
    <Filter Include="Resource Files">
      <UniqueIdentifier>{67DA6AB6-F800-4c08-8B7A-83BB121AAD01}</UniqueIdentifier>
      <Extensions>rc;ico;cur;bmp;dlg;rc2;rct;bin;rgs;gif;jpg;jpeg;jpe;resx;tiff;tif;png;wav;mfcribbon-ms</Extensions>
    </Filter>
  </ItemGroup>
  <ItemGroup>
    <ClInclude Include="..\..\deps\nanogui\include\nanogui\button.h">
      <Filter>Header Files</Filter>
    </ClInclude>
    <ClInclude Include="..\..\deps\nanogui\include\nanogui\checkbox.h">
      <Filter>Header Files</Filter>
    </ClInclude>
    <ClInclude Include="..\..\deps\nanogui\include\nanogui\colorwheel.h">
      <Filter>Header Files</Filter>
    </ClInclude>
    <ClInclude Include="..\..\deps\nanogui\include\nanogui\combobox.h">
      <Filter>Header Files</Filter>
    </ClInclude>
    <ClInclude Include="..\..\deps\nanogui\include\nanogui\entypo.h">
      <Filter>Header Files</Filter>
    </ClInclude>
    <ClInclude Include="..\..\deps\nanogui\include\nanogui\glutil.h">
      <Filter>Header Files</Filter>
    </ClInclude>
    <ClInclude Include="..\..\deps\nanogui\include\nanogui\graph.h">
      <Filter>Header Files</Filter>
    </ClInclude>
    <ClInclude Include="..\..\deps\nanogui\include\nanogui\imagepanel.h">
      <Filter>Header Files</Filter>
    </ClInclude>
    <ClInclude Include="..\..\deps\nanogui\include\nanogui\imageview.h">
      <Filter>Header Files</Filter>
    </ClInclude>
    <ClInclude Include="..\..\deps\nanogui\include\nanogui\label.h">
      <Filter>Header Files</Filter>
    </ClInclude>
    <ClInclude Include="..\..\deps\nanogui\include\nanogui\layout.h">
      <Filter>Header Files</Filter>
    </ClInclude>
    <ClInclude Include="..\..\deps\nanogui\include\nanogui\messagedialog.h">
      <Filter>Header Files</Filter>
    </ClInclude>
    <ClInclude Include="..\..\deps\nanogui\include\nanogui\nanogui.h">
      <Filter>Header Files</Filter>
    </ClInclude>
    <ClInclude Include="..\..\deps\nanogui\include\nanogui\opengl.h">
      <Filter>Header Files</Filter>
    </ClInclude>
    <ClInclude Include="..\..\deps\nanogui\include\nanogui\popup.h">
      <Filter>Header Files</Filter>
    </ClInclude>
    <ClInclude Include="..\..\deps\nanogui\include\nanogui\popupbutton.h">
      <Filter>Header Files</Filter>
    </ClInclude>
    <ClInclude Include="..\..\deps\nanogui\include\nanogui\progressbar.h">
      <Filter>Header Files</Filter>
    </ClInclude>
    <ClInclude Include="..\..\deps\nanogui\include\nanogui\screen.h">
      <Filter>Header Files</Filter>
    </ClInclude>
    <ClInclude Include="..\..\deps\nanogui\include\nanogui\slider.h">
      <Filter>Header Files</Filter>
    </ClInclude>
    <ClInclude Include="..\..\deps\nanogui\include\nanogui\textbox.h">
      <Filter>Header Files</Filter>
    </ClInclude>
    <ClInclude Include="..\..\deps\nanogui\include\nanogui\theme.h">
      <Filter>Header Files</Filter>
    </ClInclude>
    <ClInclude Include="..\..\deps\nanogui\include\nanogui\toolbutton.h">
      <Filter>Header Files</Filter>
    </ClInclude>
    <ClInclude Include="..\..\deps\nanogui\include\nanogui\vscrollpanel.h">
      <Filter>Header Files</Filter>
    </ClInclude>
    <ClInclude Include="..\..\deps\nanogui\include\nanogui\widget.h">
      <Filter>Header Files</Filter>
    </ClInclude>
    <ClInclude Include="..\..\deps\nanogui\include\nanogui\window.h">
      <Filter>Header Files</Filter>
    </ClInclude>
    <ClInclude Include="resource.h">
      <Filter>Header Files</Filter>
    </ClInclude>
  </ItemGroup>
  <ItemGroup>
    <ClCompile Include="..\..\deps\nanogui\src\button.cpp">
      <Filter>Source Files</Filter>
    </ClCompile>
    <ClCompile Include="..\..\deps\nanogui\src\checkbox.cpp">
      <Filter>Source Files</Filter>
    </ClCompile>
    <ClCompile Include="..\..\deps\nanogui\src\colorwheel.cpp">
      <Filter>Source Files</Filter>
    </ClCompile>
    <ClCompile Include="..\..\deps\nanogui\src\combobox.cpp">
      <Filter>Source Files</Filter>
    </ClCompile>
    <ClCompile Include="..\..\deps\nanogui\src\glutil.cpp">
      <Filter>Source Files</Filter>
    </ClCompile>
    <ClCompile Include="..\..\deps\nanogui\src\graph.cpp">
      <Filter>Source Files</Filter>
    </ClCompile>
    <ClCompile Include="..\..\deps\nanogui\src\imagepanel.cpp">
      <Filter>Source Files</Filter>
    </ClCompile>
    <ClCompile Include="..\..\deps\nanogui\src\imageview.cpp">
      <Filter>Source Files</Filter>
    </ClCompile>
    <ClCompile Include="..\..\deps\nanogui\src\label.cpp">
      <Filter>Source Files</Filter>
    </ClCompile>
    <ClCompile Include="..\..\deps\nanogui\src\layout.cpp">
      <Filter>Source Files</Filter>
    </ClCompile>
    <ClCompile Include="..\..\deps\nanogui\src\messagedialog.cpp">
      <Filter>Source Files</Filter>
    </ClCompile>
    <ClCompile Include="..\..\deps\nanogui\src\nanogui.cpp">
      <Filter>Source Files</Filter>
    </ClCompile>
    <ClCompile Include="..\..\deps\nanogui\src\popup.cpp">
      <Filter>Source Files</Filter>
    </ClCompile>
    <ClCompile Include="..\..\deps\nanogui\src\popupbutton.cpp">
      <Filter>Source Files</Filter>
    </ClCompile>
    <ClCompile Include="..\..\deps\nanogui\src\progressbar.cpp">
      <Filter>Source Files</Filter>
    </ClCompile>
    <ClCompile Include="..\..\deps\nanogui\src\screen.cpp">
      <Filter>Source Files</Filter>
    </ClCompile>
    <ClCompile Include="..\..\deps\nanogui\src\slider.cpp">
      <Filter>Source Files</Filter>
    </ClCompile>
    <ClCompile Include="..\..\deps\nanogui\src\textbox.cpp">
      <Filter>Source Files</Filter>
    </ClCompile>
    <ClCompile Include="..\..\deps\nanogui\src\theme.cpp">
      <Filter>Source Files</Filter>
    </ClCompile>
    <ClCompile Include="..\..\deps\nanogui\src\vscrollpanel.cpp">
      <Filter>Source Files</Filter>
    </ClCompile>
    <ClCompile Include="..\..\deps\nanogui\src\widget.cpp">
      <Filter>Source Files</Filter>
    </ClCompile>
    <ClCompile Include="..\..\deps\nanogui\src\window.cpp">
      <Filter>Source Files</Filter>
    </ClCompile>
    <ClCompile Include="..\..\deps\nanogui\ext\nanovg\src\nanovg.c">
      <Filter>Source Files</Filter>
    </ClCompile>
    <ClCompile Include="..\..\resources\fonts\fontResources.cpp">
      <Filter>Resource Files</Filter>
    </ClCompile>
  </ItemGroup>
</Project>