<?xml version="1.0" encoding="utf-8"?>
<Project ToolsVersion="4.0" xmlns="http://schemas.microsoft.com/developer/msbuild/2003">
  <ItemGroup>
    <Filter Include="Source Files">
      <UniqueIdentifier>{4FC737F1-C7A5-4376-A066-2A32D752A2FF}</UniqueIdentifier>
      <Extensions>cpp;c;cc;cxx;def;odl;idl;hpj;bat;asm;asmx</Extensions>
    </Filter>
    <Filter Include="Header Files">
      <UniqueIdentifier>{93995380-89BD-4b04-88EB-625FBE52EBFB}</UniqueIdentifier>
      <Extensions>h;hpp;hxx;hm;inl;inc;xsd</Extensions>
    </Filter>
    <Filter Include="Header Files\PrSDK">
      <UniqueIdentifier>{c80a5716-92ae-4207-9935-14c19ddc1da0}</UniqueIdentifier>
    </Filter>
    <Filter Include="Source Files\PrSDK">
      <UniqueIdentifier>{1c64e29a-9430-4ade-88f1-5395f9686a32}</UniqueIdentifier>
    </Filter>
  </ItemGroup>
  <ItemGroup>
    <ClCompile Include="CCRiftOGLPlatform.cpp">
      <Filter>Source Files</Filter>
    </ClCompile>
    <ClCompile Include="CCRiftScene.cpp">
      <Filter>Source Files</Filter>
    </ClCompile>
    <ClCompile Include="CCRiftUVSphere.cpp">
      <Filter>Source Files</Filter>
    </ClCompile>
    <ClCompile Include="AdobePremiereProUtils\SDK_File.cpp">
      <Filter>Source Files\PrSDK</Filter>
    </ClCompile>
    <ClCompile Include="CCRiftFrameTexture.cpp">
      <Filter>Source Files</Filter>
    </ClCompile>
    <ClCompile Include="CCRiftInstance.cpp">
      <Filter>Source Files</Filter>
    </ClCompile>
    <ClCompile Include="CCRiftPlugin.cpp">
      <Filter>Source Files</Filter>
    </ClCompile>
    <ClCompile Include="CCRiftPluginEntryPoint.cpp">
      <Filter>Source Files</Filter>
    </ClCompile>
    <ClCompile Include="CCRiftWinPreviewDevice.cpp">
      <Filter>Source Files</Filter>
    </ClCompile>
  </ItemGroup>
  <ItemGroup>
    <ClInclude Include="..\..\Headers\PrSDKErrorSuite.h">
      <Filter>Header Files\PrSDK</Filter>
    </ClInclude>
    <ClInclude Include="..\..\Headers\PrSDKPixelFormat.h">
      <Filter>Header Files\PrSDK</Filter>
    </ClInclude>
    <ClInclude Include="..\..\Headers\PrSDKPlayModuleAudioSuite.h">
      <Filter>Header Files\PrSDK</Filter>
    </ClInclude>
    <ClInclude Include="..\..\Headers\PrSDKPPixSuite.h">
      <Filter>Header Files\PrSDK</Filter>
    </ClInclude>
    <ClInclude Include="..\..\Headers\PrSDKSequenceInfoSuite.h">
      <Filter>Header Files\PrSDK</Filter>
    </ClInclude>
    <ClInclude Include="..\..\Headers\PrSDKThreadedWorkSuite.h">
      <Filter>Header Files\PrSDK</Filter>
    </ClInclude>
    <ClInclude Include="..\..\Headers\PrSDKTimeSuite.h">
      <Filter>Header Files\PrSDK</Filter>
    </ClInclude>
    <ClInclude Include="..\..\Headers\PrSDKTransmit.h">
      <Filter>Header Files\PrSDK</Filter>
    </ClInclude>
    <ClInclude Include="..\..\Headers\PrSDKTypes.h">
      <Filter>Header Files\PrSDK</Filter>
    </ClInclude>
    <ClInclude Include="CCRiftCommons.h">
      <Filter>Header Files</Filter>
    </ClInclude>
    <ClInclude Include="CCRiftOGLPlatform.h">
      <Filter>Header Files</Filter>
    </ClInclude>
    <ClInclude Include="CCRiftIPlatform.h">
      <Filter>Header Files</Filter>
    </ClInclude>
    <ClInclude Include="CCRiftScene.h">
      <Filter>Header Files</Filter>
    </ClInclude>
    <ClInclude Include="CCRiftBufferHelpers.h">
      <Filter>Header Files</Filter>
    </ClInclude>
    <ClInclude Include="CCRiftUVSphere.h">
      <Filter>Header Files</Filter>
    </ClInclude>
    <ClInclude Include="AdobePremiereProUtils\SDK_File.h">
      <Filter>Header Files\PrSDK</Filter>
    </ClInclude>
    <ClInclude Include="CCRiftFrameTexture.h">
      <Filter>Header Files</Filter>
    </ClInclude>
    <ClInclude Include="CCRiftPlugin.h">
      <Filter>Header Files</Filter>
    </ClInclude>
    <ClInclude Include="CCRiftInstance.h">
      <Filter>Header Files</Filter>
    </ClInclude>
    <ClInclude Include="CCRiftWinPreviewDevice.h">
      <Filter>Header Files</Filter>
    </ClInclude>
  </ItemGroup>
</Project>