// !$*UTF8*$!
{
	archiveVersion = 1;
	classes = {
	};
	objectVersion = 46;
	objects = {

/* Begin PBXAggregateTarget section */
		3C7F8D601BBB2B1100CEAF14 /* BuildAll */ = {
			isa = PBXAggregateTarget;
			buildConfigurationList = 3C7F8D611BBB2B1100CEAF14 /* Build configuration list for PBXAggregateTarget "BuildAll" */;
			buildPhases = (
			);
			dependencies = (
				3C7F8D6F1BBB2B6700CEAF14 /* PBXTargetDependency */,
				3C7F8D671BBB2B1900CEAF14 /* PBXTargetDependency */,
			);
			name = BuildAll;
			productName = BuildAll;
		};
/* End PBXAggregateTarget section */

/* Begin PBXContainerItemProxy section */
		3C7F8D5B1BBB2B0600CEAF14 /* PBXContainerItemProxy */ = {
			isa = PBXContainerItemProxy;
			containerPortal = 3C7F8D571BBB2B0600CEAF14 /* StandalonePreview.xcodeproj */;
			proxyType = 2;
			remoteGlobalIDString = 3C8157221BB68E18008E68E7;
			remoteInfo = StandalonePreview;
		};
		3C7F8D661BBB2B1900CEAF14 /* PBXContainerItemProxy */ = {
			isa = PBXContainerItemProxy;
			containerPortal = 3C7F8D571BBB2B0600CEAF14 /* StandalonePreview.xcodeproj */;
			proxyType = 1;
			remoteGlobalIDString = 3C8157211BB68E18008E68E7;
			remoteInfo = StandalonePreview;
		};
		3C7F8D6C1BBB2B4C00CEAF14 /* PBXContainerItemProxy */ = {
			isa = PBXContainerItemProxy;
			containerPortal = 3C7F8D541BBB2B0600CEAF14 /* CCRiftPlugin.xcodeproj */;
			proxyType = 2;
			remoteGlobalIDString = 8D576316048677EA00EA77CD;
			remoteInfo = CCRiftPlugin;
		};
		3C7F8D6E1BBB2B6700CEAF14 /* PBXContainerItemProxy */ = {
			isa = PBXContainerItemProxy;
			containerPortal = 3C7F8D541BBB2B0600CEAF14 /* CCRiftPlugin.xcodeproj */;
			proxyType = 1;
			remoteGlobalIDString = 8D57630D048677EA00EA77CD;
			remoteInfo = CCRiftPlugin;
		};
/* End PBXContainerItemProxy section */

/* Begin PBXFileReference section */
		3C7F8D541BBB2B0600CEAF14 /* CCRiftPlugin.xcodeproj */ = {isa = PBXFileReference; lastKnownFileType = "wrapper.pb-project"; name = CCRiftPlugin.xcodeproj; path = ../CCRiftPlugin/CCRiftPlugin.xcodeproj; sourceTree = "<group>"; };
		3C7F8D571BBB2B0600CEAF14 /* StandalonePreview.xcodeproj */ = {isa = PBXFileReference; lastKnownFileType = "wrapper.pb-project"; name = StandalonePreview.xcodeproj; path = ../StandalonePreview/StandalonePreview.xcodeproj; sourceTree = "<group>"; };
/* End PBXFileReference section */

/* Begin PBXGroup section */
		3C7F8D4D1BBB2AF900CEAF14 = {
			isa = PBXGroup;
			children = (
				3C7F8D541BBB2B0600CEAF14 /* CCRiftPlugin.xcodeproj */,
				3C7F8D571BBB2B0600CEAF14 /* StandalonePreview.xcodeproj */,
			);
			sourceTree = "<group>";
		};
		3C7F8D581BBB2B0600CEAF14 /* Products */ = {
			isa = PBXGroup;
			children = (
				3C7F8D5C1BBB2B0600CEAF14 /* StandalonePreview.app */,
			);
			name = Products;
			sourceTree = "<group>";
		};
		3C7F8D691BBB2B4C00CEAF14 /* Products */ = {
			isa = PBXGroup;
			children = (
				3C7F8D6D1BBB2B4C00CEAF14 /* CCRiftPlugin.bundle */,
			);
			name = Products;
			sourceTree = "<group>";
		};
/* End PBXGroup section */

/* Begin PBXProject section */
		3C7F8D4E1BBB2AF900CEAF14 /* Project object */ = {
			isa = PBXProject;
			attributes = {
				LastUpgradeCheck = 0700;
				TargetAttributes = {
					3C7F8D601BBB2B1100CEAF14 = {
						CreatedOnToolsVersion = 7.0.1;
					};
				};
			};
			buildConfigurationList = 3C7F8D511BBB2AF900CEAF14 /* Build configuration list for PBXProject "CCRift" */;
			compatibilityVersion = "Xcode 3.2";
			developmentRegion = English;
			hasScannedForEncodings = 0;
			knownRegions = (
				en,
			);
			mainGroup = 3C7F8D4D1BBB2AF900CEAF14;
			projectDirPath = "";
			projectReferences = (
				{
					ProductGroup = 3C7F8D691BBB2B4C00CEAF14 /* Products */;
					ProjectRef = 3C7F8D541BBB2B0600CEAF14 /* CCRiftPlugin.xcodeproj */;
				},
				{
					ProductGroup = 3C7F8D581BBB2B0600CEAF14 /* Products */;
					ProjectRef = 3C7F8D571BBB2B0600CEAF14 /* StandalonePreview.xcodeproj */;
				},
			);
			projectRoot = "";
			targets = (
				3C7F8D601BBB2B1100CEAF14 /* BuildAll */,
			);
		};
/* End PBXProject section */

/* Begin PBXReferenceProxy section */
		3C7F8D5C1BBB2B0600CEAF14 /* StandalonePreview.app */ = {
			isa = PBXReferenceProxy;
			fileType = wrapper.application;
			path = StandalonePreview.app;
			remoteRef = 3C7F8D5B1BBB2B0600CEAF14 /* PBXContainerItemProxy */;
			sourceTree = BUILT_PRODUCTS_DIR;
		};
		3C7F8D6D1BBB2B4C00CEAF14 /* CCRiftPlugin.bundle */ = {
			isa = PBXReferenceProxy;
			fileType = wrapper.cfbundle;
			path = CCRiftPlugin.bundle;
			remoteRef = 3C7F8D6C1BBB2B4C00CEAF14 /* PBXContainerItemProxy */;
			sourceTree = BUILT_PRODUCTS_DIR;
		};
/* End PBXReferenceProxy section */

/* Begin PBXTargetDependency section */
		3C7F8D671BBB2B1900CEAF14 /* PBXTargetDependency */ = {
			isa = PBXTargetDependency;
			name = StandalonePreview;
			targetProxy = 3C7F8D661BBB2B1900CEAF14 /* PBXContainerItemProxy */;
		};
		3C7F8D6F1BBB2B6700CEAF14 /* PBXTargetDependency */ = {
			isa = PBXTargetDependency;
			name = CCRiftPlugin;
			targetProxy = 3C7F8D6E1BBB2B6700CEAF14 /* PBXContainerItemProxy */;
		};
/* End PBXTargetDependency section */

/* Begin XCBuildConfiguration section */
		3C7F8D521BBB2AF900CEAF14 /* Debug */ = {
			isa = XCBuildConfiguration;
			buildSettings = {
			};
			name = Debug;
		};
		3C7F8D531BBB2AF900CEAF14 /* Release */ = {
			isa = XCBuildConfiguration;
			buildSettings = {
			};
			name = Release;
		};
		3C7F8D621BBB2B1100CEAF14 /* Debug */ = {
			isa = XCBuildConfiguration;
			buildSettings = {
				PRODUCT_NAME = "$(TARGET_NAME)";
			};
			name = Debug;
		};
		3C7F8D631BBB2B1100CEAF14 /* Release */ = {
			isa = XCBuildConfiguration;
			buildSettings = {
				PRODUCT_NAME = "$(TARGET_NAME)";
			};
			name = Release;
		};
/* End XCBuildConfiguration section */

/* Begin XCConfigurationList section */
		3C7F8D511BBB2AF900CEAF14 /* Build configuration list for PBXProject "CCRift" */ = {
			isa = XCConfigurationList;
			buildConfigurations = (
				3C7F8D521BBB2AF900CEAF14 /* Debug */,
				3C7F8D531BBB2AF900CEAF14 /* Release */,
			);
			defaultConfigurationIsVisible = 0;
			defaultConfigurationName = Release;
		};
		3C7F8D611BBB2B1100CEAF14 /* Build configuration list for PBXAggregateTarget "BuildAll" */ = {
			isa = XCConfigurationList;
			buildConfigurations = (
				3C7F8D621BBB2B1100CEAF14 /* Debug */,
				3C7F8D631BBB2B1100CEAF14 /* Release */,
			);
			defaultConfigurationIsVisible = 0;
			defaultConfigurationName = Release;
		};
/* End XCConfigurationList section */
	};
	rootObject = 3C7F8D4E1BBB2AF900CEAF14 /* Project object */;
}
